
Microsoft Visual Studio Solution File, Format Version 12.00
# Visual Studio Version 17
VisualStudioVersion = 17.5.33530.505
MinimumVisualStudioVersion = 10.0.40219.1
Project("{FAE04EC0-301F-11D3-BF4B-00C04F79EFBC}") = "Goods_DB", "Goods_DB.csproj", "{3BFB5022-0FC5-475C-A769-9DA095AF6D7D}"
EndProject
Global
	GlobalSection(SolutionConfigurationPlatforms) = preSolution
		Debug|Any CPU = Debug|Any CPU
		Release|Any CPU = Release|Any CPU
	EndGlobalSection
	GlobalSection(ProjectConfigurationPlatforms) = postSolution
		{3BFB5022-0FC5-475C-A769-9DA095AF6D7D}.Debug|Any CPU.ActiveCfg = Debug|Any CPU
		{3BFB5022-0FC5-475C-A769-9DA095AF6D7D}.Debug|Any CPU.Build.0 = Debug|Any CPU
		{3BFB5022-0FC5-475C-A769-9DA095AF6D7D}.Release|Any CPU.ActiveCfg = Release|Any CPU
		{3BFB5022-0FC5-475C-A769-9DA095AF6D7D}.Release|Any CPU.Build.0 = Release|Any CPU
	EndGlobalSection
	GlobalSection(SolutionProperties) = preSolution
		HideSolutionNode = FALSE
	EndGlobalSection
	GlobalSection(ExtensibilityGlobals) = postSolution
		SolutionGuid = {B66EA0C8-CF15-4187-822B-0130554864CD}
	EndGlobalSection
EndGlobal
