
Microsoft Visual Studio Solution File, Format Version 12.00
# Visual Studio Version 17
VisualStudioVersion = 17.5.33530.505
MinimumVisualStudioVersion = 10.0.40219.1
Project("{FAE04EC0-301F-11D3-BF4B-00C04F79EFBC}") = "EXAM1", "EXAM1.csproj", "{5F4CB0C8-B5CE-42FE-A1DD-FE87A5EADBFF}"
EndProject
Global
	GlobalSection(SolutionConfigurationPlatforms) = preSolution
		Debug|Any CPU = Debug|Any CPU
		Release|Any CPU = Release|Any CPU
	EndGlobalSection
	GlobalSection(ProjectConfigurationPlatforms) = postSolution
		{5F4CB0C8-B5CE-42FE-A1DD-FE87A5EADBFF}.Debug|Any CPU.ActiveCfg = Debug|Any CPU
		{5F4CB0C8-B5CE-42FE-A1DD-FE87A5EADBFF}.Debug|Any CPU.Build.0 = Debug|Any CPU
		{5F4CB0C8-B5CE-42FE-A1DD-FE87A5EADBFF}.Release|Any CPU.ActiveCfg = Release|Any CPU
		{5F4CB0C8-B5CE-42FE-A1DD-FE87A5EADBFF}.Release|Any CPU.Build.0 = Release|Any CPU
	EndGlobalSection
	GlobalSection(SolutionProperties) = preSolution
		HideSolutionNode = FALSE
	EndGlobalSection
	GlobalSection(ExtensibilityGlobals) = postSolution
		SolutionGuid = {0C391E8C-CE40-4F4C-86D5-E4AAF557F907}
	EndGlobalSection
EndGlobal
