
Microsoft Visual Studio Solution File, Format Version 12.00
# Visual Studio Version 17
VisualStudioVersion = 17.5.33530.505
MinimumVisualStudioVersion = 10.0.40219.1
Project("{FAE04EC0-301F-11D3-BF4B-00C04F79EFBC}") = "load_button_card", "load_button_card.csproj", "{086FA6A2-DE26-4762-8056-F309701433A8}"
EndProject
Global
	GlobalSection(SolutionConfigurationPlatforms) = preSolution
		Debug|Any CPU = Debug|Any CPU
		Release|Any CPU = Release|Any CPU
	EndGlobalSection
	GlobalSection(ProjectConfigurationPlatforms) = postSolution
		{086FA6A2-DE26-4762-8056-F309701433A8}.Debug|Any CPU.ActiveCfg = Debug|Any CPU
		{086FA6A2-DE26-4762-8056-F309701433A8}.Debug|Any CPU.Build.0 = Debug|Any CPU
		{086FA6A2-DE26-4762-8056-F309701433A8}.Release|Any CPU.ActiveCfg = Release|Any CPU
		{086FA6A2-DE26-4762-8056-F309701433A8}.Release|Any CPU.Build.0 = Release|Any CPU
	EndGlobalSection
	GlobalSection(SolutionProperties) = preSolution
		HideSolutionNode = FALSE
	EndGlobalSection
	GlobalSection(ExtensibilityGlobals) = postSolution
		SolutionGuid = {D672E157-8E85-4E2A-B4E8-1109243B198B}
	EndGlobalSection
EndGlobal
